
Microsoft Visual Studio Solution File, Format Version 12.00
# Visual Studio Version 17
VisualStudioVersion = 17.0.32126.317
MinimumVisualStudioVersion = 10.0.40219.1
Project("{FAE04EC0-301F-11D3-BF4B-00C04F79EFBC}") = "BankProject", "BankProject\BankProject.csproj", "{AB58F3BE-E56F-4399-8049-3FD9F83830E7}"
EndProject
Global
	GlobalSection(SolutionConfigurationPlatforms) = preSolution
		Debug|Any CPU = Debug|Any CPU
		Release|Any CPU = Release|Any CPU
	EndGlobalSection
	GlobalSection(ProjectConfigurationPlatforms) = postSolution
		{AB58F3BE-E56F-4399-8049-3FD9F83830E7}.Debug|Any CPU.ActiveCfg = Debug|Any CPU
		{AB58F3BE-E56F-4399-8049-3FD9F83830E7}.Debug|Any CPU.Build.0 = Debug|Any CPU
		{AB58F3BE-E56F-4399-8049-3FD9F83830E7}.Release|Any CPU.ActiveCfg = Release|Any CPU
		{AB58F3BE-E56F-4399-8049-3FD9F83830E7}.Release|Any CPU.Build.0 = Release|Any CPU
	EndGlobalSection
	GlobalSection(SolutionProperties) = preSolution
		HideSolutionNode = FALSE
	EndGlobalSection
	GlobalSection(ExtensibilityGlobals) = postSolution
		SolutionGuid = {C27A0551-6489-452B-8BE3-33797B38098C}
	EndGlobalSection
EndGlobal
